
Microsoft Visual Studio Solution File, Format Version 12.00
# Visual Studio Version 17
VisualStudioVersion = 17.7.34031.279
MinimumVisualStudioVersion = 10.0.40219.1
Project("{9A19103F-16F7-4668-BE54-9A1E7A4F7556}") = "KanbanBoard.Server", "Server\KanbanBoard.Server.csproj", "{34AD46B9-E4C6-445E-8440-887308C81C4B}"
EndProject
Project("{9A19103F-16F7-4668-BE54-9A1E7A4F7556}") = "KanbanBoard.Client", "Client\KanbanBoard.Client.csproj", "{1DF672F3-1D4C-42AF-98D1-71BC01117D5F}"
EndProject
Project("{9A19103F-16F7-4668-BE54-9A1E7A4F7556}") = "KanbanBoard.Shared", "Shared\KanbanBoard.Shared.csproj", "{6FA9521C-4901-4313-9242-E4A9C1AC461B}"
EndProject
Project("{9A19103F-16F7-4668-BE54-9A1E7A4F7556}") = "KanbanBoard.Server.UnitTests", "KanbanBoard.Server.UnitTests\KanbanBoard.Server.UnitTests.csproj", "{0B99E56D-BB44-4F6C-A12F-5E0385C155D4}"
EndProject
Project("{9A19103F-16F7-4668-BE54-9A1E7A4F7556}") = "KanbanBoard.Client.UnitTests", "KanbanBoard.Client.UnitTests\KanbanBoard.Client.UnitTests.csproj", "{EBA931A5-71C0-439F-B8AA-B69EBB21E79D}"
EndProject
Project("{9A19103F-16F7-4668-BE54-9A1E7A4F7556}") = "KanbanBoard.Client.ComponentTests", "KanbanBoard.Client.ComponentTests\KanbanBoard.Client.ComponentTests.csproj", "{40DDFF87-FFA4-4E78-A2F5-BD9D451440D3}"
EndProject
Global
	GlobalSection(SolutionConfigurationPlatforms) = preSolution
		Debug|Any CPU = Debug|Any CPU
		Release|Any CPU = Release|Any CPU
	EndGlobalSection
	GlobalSection(ProjectConfigurationPlatforms) = postSolution
		{34AD46B9-E4C6-445E-8440-887308C81C4B}.Debug|Any CPU.ActiveCfg = Debug|Any CPU
		{34AD46B9-E4C6-445E-8440-887308C81C4B}.Debug|Any CPU.Build.0 = Debug|Any CPU
		{34AD46B9-E4C6-445E-8440-887308C81C4B}.Release|Any CPU.ActiveCfg = Release|Any CPU
		{34AD46B9-E4C6-445E-8440-887308C81C4B}.Release|Any CPU.Build.0 = Release|Any CPU
		{1DF672F3-1D4C-42AF-98D1-71BC01117D5F}.Debug|Any CPU.ActiveCfg = Debug|Any CPU
		{1DF672F3-1D4C-42AF-98D1-71BC01117D5F}.Debug|Any CPU.Build.0 = Debug|Any CPU
		{1DF672F3-1D4C-42AF-98D1-71BC01117D5F}.Release|Any CPU.ActiveCfg = Release|Any CPU
		{1DF672F3-1D4C-42AF-98D1-71BC01117D5F}.Release|Any CPU.Build.0 = Release|Any CPU
		{6FA9521C-4901-4313-9242-E4A9C1AC461B}.Debug|Any CPU.ActiveCfg = Debug|Any CPU
		{6FA9521C-4901-4313-9242-E4A9C1AC461B}.Debug|Any CPU.Build.0 = Debug|Any CPU
		{6FA9521C-4901-4313-9242-E4A9C1AC461B}.Release|Any CPU.ActiveCfg = Release|Any CPU
		{6FA9521C-4901-4313-9242-E4A9C1AC461B}.Release|Any CPU.Build.0 = Release|Any CPU
		{0B99E56D-BB44-4F6C-A12F-5E0385C155D4}.Debug|Any CPU.ActiveCfg = Debug|Any CPU
		{0B99E56D-BB44-4F6C-A12F-5E0385C155D4}.Debug|Any CPU.Build.0 = Debug|Any CPU
		{0B99E56D-BB44-4F6C-A12F-5E0385C155D4}.Release|Any CPU.ActiveCfg = Release|Any CPU
		{0B99E56D-BB44-4F6C-A12F-5E0385C155D4}.Release|Any CPU.Build.0 = Release|Any CPU
		{EBA931A5-71C0-439F-B8AA-B69EBB21E79D}.Debug|Any CPU.ActiveCfg = Debug|Any CPU
		{EBA931A5-71C0-439F-B8AA-B69EBB21E79D}.Debug|Any CPU.Build.0 = Debug|Any CPU
		{EBA931A5-71C0-439F-B8AA-B69EBB21E79D}.Release|Any CPU.ActiveCfg = Release|Any CPU
		{EBA931A5-71C0-439F-B8AA-B69EBB21E79D}.Release|Any CPU.Build.0 = Release|Any CPU
		{40DDFF87-FFA4-4E78-A2F5-BD9D451440D3}.Debug|Any CPU.ActiveCfg = Debug|Any CPU
		{40DDFF87-FFA4-4E78-A2F5-BD9D451440D3}.Debug|Any CPU.Build.0 = Debug|Any CPU
		{40DDFF87-FFA4-4E78-A2F5-BD9D451440D3}.Release|Any CPU.ActiveCfg = Release|Any CPU
		{40DDFF87-FFA4-4E78-A2F5-BD9D451440D3}.Release|Any CPU.Build.0 = Release|Any CPU
	EndGlobalSection
	GlobalSection(SolutionProperties) = preSolution
		HideSolutionNode = FALSE
	EndGlobalSection
	GlobalSection(ExtensibilityGlobals) = postSolution
		SolutionGuid = {DB9BF7C5-119C-48C1-80AC-00A617E2574D}
	EndGlobalSection
EndGlobal
